
Microsoft Visual Studio Solution File, Format Version 12.00
# Visual Studio Version 17
VisualStudioVersion = 17.13.35818.85 d17.13
MinimumVisualStudioVersion = 10.0.40219.1
Project("{FAE04EC0-301F-11D3-BF4B-00C04F79EFBC}") = "DotNetTask_RokasG", "DotNetTask_RokasG.csproj", "{F29B20CF-970E-44A3-93D7-8B4A6EB25F90}"
EndProject
Project("{FAE04EC0-301F-11D3-BF4B-00C04F79EFBC}") = "DotNetTask_RokasG.Tests", "..\DotNetTask_RokasG.Tests\DotNetTask_RokasG.Tests.csproj", "{EA68B79A-F0BA-484B-9B6F-7462E498DB59}"
EndProject
Global
	GlobalSection(SolutionConfigurationPlatforms) = preSolution
		Debug|Any CPU = Debug|Any CPU
		Release|Any CPU = Release|Any CPU
	EndGlobalSection
	GlobalSection(ProjectConfigurationPlatforms) = postSolution
		{F29B20CF-970E-44A3-93D7-8B4A6EB25F90}.Debug|Any CPU.ActiveCfg = Debug|Any CPU
		{F29B20CF-970E-44A3-93D7-8B4A6EB25F90}.Debug|Any CPU.Build.0 = Debug|Any CPU
		{F29B20CF-970E-44A3-93D7-8B4A6EB25F90}.Release|Any CPU.ActiveCfg = Release|Any CPU
		{F29B20CF-970E-44A3-93D7-8B4A6EB25F90}.Release|Any CPU.Build.0 = Release|Any CPU
		{EA68B79A-F0BA-484B-9B6F-7462E498DB59}.Debug|Any CPU.ActiveCfg = Debug|Any CPU
		{EA68B79A-F0BA-484B-9B6F-7462E498DB59}.Debug|Any CPU.Build.0 = Debug|Any CPU
		{EA68B79A-F0BA-484B-9B6F-7462E498DB59}.Release|Any CPU.ActiveCfg = Release|Any CPU
		{EA68B79A-F0BA-484B-9B6F-7462E498DB59}.Release|Any CPU.Build.0 = Release|Any CPU
	EndGlobalSection
	GlobalSection(SolutionProperties) = preSolution
		HideSolutionNode = FALSE
	EndGlobalSection
	GlobalSection(ExtensibilityGlobals) = postSolution
		SolutionGuid = {4AB2C499-B6D2-4F6D-840E-AE9CC07B311C}
	EndGlobalSection
EndGlobal
