
Microsoft Visual Studio Solution File, Format Version 12.00
# Visual Studio Version 17
VisualStudioVersion = 17.13.35818.85
MinimumVisualStudioVersion = 10.0.40219.1
Project("{FAE04EC0-301F-11D3-BF4B-00C04F79EFBC}") = "DotNetTask_RokasG", "DotNetTask_RokasG\DotNetTask_RokasG.csproj", "{9078B2CA-CA46-D2A8-06F0-F833A7DCF3BA}"
EndProject
Project("{FAE04EC0-301F-11D3-BF4B-00C04F79EFBC}") = "DotNetTask_RokasG.Tests", "DotNetTask_RokasG.Tests\DotNetTask_RokasG.Tests.csproj", "{691DDA8E-8222-0D56-1949-2C7E430BB4F9}"
EndProject
Global
	GlobalSection(SolutionConfigurationPlatforms) = preSolution
		Debug|Any CPU = Debug|Any CPU
		Release|Any CPU = Release|Any CPU
	EndGlobalSection
	GlobalSection(ProjectConfigurationPlatforms) = postSolution
		{9078B2CA-CA46-D2A8-06F0-F833A7DCF3BA}.Debug|Any CPU.ActiveCfg = Debug|Any CPU
		{9078B2CA-CA46-D2A8-06F0-F833A7DCF3BA}.Debug|Any CPU.Build.0 = Debug|Any CPU
		{9078B2CA-CA46-D2A8-06F0-F833A7DCF3BA}.Release|Any CPU.ActiveCfg = Release|Any CPU
		{9078B2CA-CA46-D2A8-06F0-F833A7DCF3BA}.Release|Any CPU.Build.0 = Release|Any CPU
		{691DDA8E-8222-0D56-1949-2C7E430BB4F9}.Debug|Any CPU.ActiveCfg = Debug|Any CPU
		{691DDA8E-8222-0D56-1949-2C7E430BB4F9}.Debug|Any CPU.Build.0 = Debug|Any CPU
		{691DDA8E-8222-0D56-1949-2C7E430BB4F9}.Release|Any CPU.ActiveCfg = Release|Any CPU
		{691DDA8E-8222-0D56-1949-2C7E430BB4F9}.Release|Any CPU.Build.0 = Release|Any CPU
	EndGlobalSection
	GlobalSection(SolutionProperties) = preSolution
		HideSolutionNode = FALSE
	EndGlobalSection
	GlobalSection(ExtensibilityGlobals) = postSolution
		SolutionGuid = {6E7C77B3-CE99-4BA3-B7CF-3AB0D88744F9}
	EndGlobalSection
EndGlobal
